
Microsoft Visual Studio Solution File, Format Version 12.00
Project("{FAE04EC0-301F-11D3-BF4B-00C04F79EFBC}") = "CustomBindingExample", "CustomBindingExample\CustomBindingExample.csproj", "{2EBC4BFC-2B4F-4279-A803-890B76CC48B4}"
EndProject
Project("{FAE04EC0-301F-11D3-BF4B-00C04F79EFBC}") = "CustomBindingExample.Bindings", "CustomBindingExample.Bindings\CustomBindingExample.Bindings.csproj", "{0E93F3CF-0395-4268-B265-7FACF18C0FCA}"
EndProject
Project("{FAE04EC0-301F-11D3-BF4B-00C04F79EFBC}") = "CustomBindingExample.Bindings.Isolated", "CustomBindingExample.Bindings.Isolated\CustomBindingExample.Bindings.Isolated.csproj", "{C091FBFB-D730-441F-B18E-3C88D09FAD5A}"
EndProject
Global
	GlobalSection(SolutionConfigurationPlatforms) = preSolution
		Debug|Any CPU = Debug|Any CPU
		Release|Any CPU = Release|Any CPU
	EndGlobalSection
	GlobalSection(ProjectConfigurationPlatforms) = postSolution
		{2EBC4BFC-2B4F-4279-A803-890B76CC48B4}.Debug|Any CPU.ActiveCfg = Debug|Any CPU
		{2EBC4BFC-2B4F-4279-A803-890B76CC48B4}.Debug|Any CPU.Build.0 = Debug|Any CPU
		{2EBC4BFC-2B4F-4279-A803-890B76CC48B4}.Release|Any CPU.ActiveCfg = Release|Any CPU
		{2EBC4BFC-2B4F-4279-A803-890B76CC48B4}.Release|Any CPU.Build.0 = Release|Any CPU
		{0E93F3CF-0395-4268-B265-7FACF18C0FCA}.Debug|Any CPU.ActiveCfg = Debug|Any CPU
		{0E93F3CF-0395-4268-B265-7FACF18C0FCA}.Debug|Any CPU.Build.0 = Debug|Any CPU
		{0E93F3CF-0395-4268-B265-7FACF18C0FCA}.Release|Any CPU.ActiveCfg = Release|Any CPU
		{0E93F3CF-0395-4268-B265-7FACF18C0FCA}.Release|Any CPU.Build.0 = Release|Any CPU
		{C091FBFB-D730-441F-B18E-3C88D09FAD5A}.Debug|Any CPU.ActiveCfg = Debug|Any CPU
		{C091FBFB-D730-441F-B18E-3C88D09FAD5A}.Debug|Any CPU.Build.0 = Debug|Any CPU
		{C091FBFB-D730-441F-B18E-3C88D09FAD5A}.Release|Any CPU.ActiveCfg = Release|Any CPU
		{C091FBFB-D730-441F-B18E-3C88D09FAD5A}.Release|Any CPU.Build.0 = Release|Any CPU
	EndGlobalSection
EndGlobal
